
Microsoft Visual Studio Solution File, Format Version 12.00
# Visual Studio Version 16
VisualStudioVersion = 16.0.31729.503
MinimumVisualStudioVersion = 10.0.40219.1
Project("{FAE04EC0-301F-11D3-BF4B-00C04F79EFBC}") = "Test Vectors", "Test Vectors\Test Vectors.csproj", "{3AD0532C-C681-48F5-8E2D-524F30C28998}"
EndProject
Project("{FAE04EC0-301F-11D3-BF4B-00C04F79EFBC}") = "VectorLibrary", "VectorLibrary\VectorLibrary.csproj", "{77DD5B8E-D7A1-4C05-9D1C-445F4B95EF89}"
EndProject
Global
	GlobalSection(SolutionConfigurationPlatforms) = preSolution
		Debug|Any CPU = Debug|Any CPU
		Release|Any CPU = Release|Any CPU
	EndGlobalSection
	GlobalSection(ProjectConfigurationPlatforms) = postSolution
		{3AD0532C-C681-48F5-8E2D-524F30C28998}.Debug|Any CPU.ActiveCfg = Debug|Any CPU
		{3AD0532C-C681-48F5-8E2D-524F30C28998}.Debug|Any CPU.Build.0 = Debug|Any CPU
		{3AD0532C-C681-48F5-8E2D-524F30C28998}.Release|Any CPU.ActiveCfg = Release|Any CPU
		{3AD0532C-C681-48F5-8E2D-524F30C28998}.Release|Any CPU.Build.0 = Release|Any CPU
		{77DD5B8E-D7A1-4C05-9D1C-445F4B95EF89}.Debug|Any CPU.ActiveCfg = Debug|Any CPU
		{77DD5B8E-D7A1-4C05-9D1C-445F4B95EF89}.Debug|Any CPU.Build.0 = Debug|Any CPU
		{77DD5B8E-D7A1-4C05-9D1C-445F4B95EF89}.Release|Any CPU.ActiveCfg = Release|Any CPU
		{77DD5B8E-D7A1-4C05-9D1C-445F4B95EF89}.Release|Any CPU.Build.0 = Release|Any CPU
	EndGlobalSection
	GlobalSection(SolutionProperties) = preSolution
		HideSolutionNode = FALSE
	EndGlobalSection
	GlobalSection(ExtensibilityGlobals) = postSolution
		SolutionGuid = {0608D384-134F-40FE-80C3-EA54F02CD527}
	EndGlobalSection
EndGlobal
